
Microsoft Visual Studio Solution File, Format Version 12.00
# Visual Studio Version 17
VisualStudioVersion = 17.3.32922.545
MinimumVisualStudioVersion = 10.0.40219.1
Project("{FAE04EC0-301F-11D3-BF4B-00C04F79EFBC}") = "avio", "avio.csproj", "{ADBC7900-6F62-48DD-B2A0-D4415983D5BB}"
EndProject
Global
	GlobalSection(SolutionConfigurationPlatforms) = preSolution
		Debug|Any CPU = Debug|Any CPU
		Release|Any CPU = Release|Any CPU
	EndGlobalSection
	GlobalSection(ProjectConfigurationPlatforms) = postSolution
		{ADBC7900-6F62-48DD-B2A0-D4415983D5BB}.Debug|Any CPU.ActiveCfg = Debug|Any CPU
		{ADBC7900-6F62-48DD-B2A0-D4415983D5BB}.Debug|Any CPU.Build.0 = Debug|Any CPU
		{ADBC7900-6F62-48DD-B2A0-D4415983D5BB}.Release|Any CPU.ActiveCfg = Release|Any CPU
		{ADBC7900-6F62-48DD-B2A0-D4415983D5BB}.Release|Any CPU.Build.0 = Release|Any CPU
	EndGlobalSection
	GlobalSection(SolutionProperties) = preSolution
		HideSolutionNode = FALSE
	EndGlobalSection
	GlobalSection(ExtensibilityGlobals) = postSolution
		SolutionGuid = {88E0AF25-87C4-4055-AB8B-02017B3826F2}
	EndGlobalSection
EndGlobal
